PODS:
  - Flutter (1.0.0)
  - geolocator_apple (1.2.0):
    - Flutter
  - libphonenumber (0.0.1):
    - Flutter
    - libPhoneNumber-iOS
  - libPhoneNumber-iOS (0.9.15)
  - libphonenumber_plugin (0.0.1):
    - Flutter
    - libphonenumber
    - libPhoneNumber-iOS

DEPENDENCIES:
  - Flutter (from `Flutter`)
  - geolocator_apple (from `.symlinks/plugins/geolocator_apple/ios`)
  - libphonenumber (from `.symlinks/plugins/libphonenumber/ios`)
  - libphonenumber_plugin (from `.symlinks/plugins/libphonenumber_plugin/ios`)

SPEC REPOS:
  trunk:
    - libPhoneNumber-iOS

EXTERNAL SOURCES:
  Flutter:
    :path: Flutter
  geolocator_apple:
    :path: ".symlinks/plugins/geolocator_apple/ios"
  libphonenumber:
    :path: ".symlinks/plugins/libphonenumber/ios"
  libphonenumber_plugin:
    :path: ".symlinks/plugins/libphonenumber_plugin/ios"

SPEC CHECKSUMS:
  Flutter: 50d75fe2f02b26cc09d224853bb45737f8b3214a
  geolocator_apple: cc556e6844d508c95df1e87e3ea6fa4e58c50401
  libphonenumber: bd14d5abfc5939ab0b0767234e2d8e2593af258e
  libPhoneNumber-iOS: 0a32a9525cf8744fe02c5206eb30d571e38f7d75
  libphonenumber_plugin: 7cf755ad1656145935d6c208173a476bd3f12898

PODFILE CHECKSUM: ef19549a9bc3046e7bb7d2fab4d021637c0c58a3

COCOAPODS: 1.11.2
